
Microsoft Visual Studio Solution File, Format Version 12.00
# Visual Studio Version 17
VisualStudioVersion = 17.11.35327.3
MinimumVisualStudioVersion = 10.0.40219.1
Project("{9A19103F-16F7-4668-BE54-9A1E7A4F7556}") = "IPManagementSystem.API", "IPManagementSystem.API\IPManagementSystem.API.csproj", "{511FE6FA-166E-40D7-8510-AC2F0CF9B16A}"
EndProject
Project("{9A19103F-16F7-4668-BE54-9A1E7A4F7556}") = "IPManagementSystem.Application", "IPManagementSystem.Application\IPManagementSystem.Application.csproj", "{3A1EE03E-C8D4-47C4-B030-6AB99572BF20}"
EndProject
Project("{9A19103F-16F7-4668-BE54-9A1E7A4F7556}") = "IPManagementSystem.Infrastructure", "IPManagementSystem.Infrastructure\IPManagementSystem.Infrastructure.csproj", "{FA924BC2-F6ED-434D-B911-1FE7F502C493}"
EndProject
Project("{FAE04EC0-301F-11D3-BF4B-00C04F79EFBC}") = "IPManagementSystem.Domain", "IPManagementSystem.Domain\IPManagementSystem.Domain.csproj", "{E9FD2639-7E0E-4410-965B-7710A9D24D34}"
EndProject
Global
	GlobalSection(SolutionConfigurationPlatforms) = preSolution
		Debug|Any CPU = Debug|Any CPU
		Release|Any CPU = Release|Any CPU
	EndGlobalSection
	GlobalSection(ProjectConfigurationPlatforms) = postSolution
		{511FE6FA-166E-40D7-8510-AC2F0CF9B16A}.Debug|Any CPU.ActiveCfg = Debug|Any CPU
		{511FE6FA-166E-40D7-8510-AC2F0CF9B16A}.Debug|Any CPU.Build.0 = Debug|Any CPU
		{511FE6FA-166E-40D7-8510-AC2F0CF9B16A}.Release|Any CPU.ActiveCfg = Release|Any CPU
		{511FE6FA-166E-40D7-8510-AC2F0CF9B16A}.Release|Any CPU.Build.0 = Release|Any CPU
		{3A1EE03E-C8D4-47C4-B030-6AB99572BF20}.Debug|Any CPU.ActiveCfg = Debug|Any CPU
		{3A1EE03E-C8D4-47C4-B030-6AB99572BF20}.Debug|Any CPU.Build.0 = Debug|Any CPU
		{3A1EE03E-C8D4-47C4-B030-6AB99572BF20}.Release|Any CPU.ActiveCfg = Release|Any CPU
		{3A1EE03E-C8D4-47C4-B030-6AB99572BF20}.Release|Any CPU.Build.0 = Release|Any CPU
		{FA924BC2-F6ED-434D-B911-1FE7F502C493}.Debug|Any CPU.ActiveCfg = Debug|Any CPU
		{FA924BC2-F6ED-434D-B911-1FE7F502C493}.Debug|Any CPU.Build.0 = Debug|Any CPU
		{FA924BC2-F6ED-434D-B911-1FE7F502C493}.Release|Any CPU.ActiveCfg = Release|Any CPU
		{FA924BC2-F6ED-434D-B911-1FE7F502C493}.Release|Any CPU.Build.0 = Release|Any CPU
		{E9FD2639-7E0E-4410-965B-7710A9D24D34}.Debug|Any CPU.ActiveCfg = Debug|Any CPU
		{E9FD2639-7E0E-4410-965B-7710A9D24D34}.Debug|Any CPU.Build.0 = Debug|Any CPU
		{E9FD2639-7E0E-4410-965B-7710A9D24D34}.Release|Any CPU.ActiveCfg = Release|Any CPU
		{E9FD2639-7E0E-4410-965B-7710A9D24D34}.Release|Any CPU.Build.0 = Release|Any CPU
	EndGlobalSection
	GlobalSection(SolutionProperties) = preSolution
		HideSolutionNode = FALSE
	EndGlobalSection
	GlobalSection(ExtensibilityGlobals) = postSolution
		SolutionGuid = {4D8525EE-3116-4BD3-8148-2DDAE6B89B69}
	EndGlobalSection
EndGlobal
